
Microsoft Visual Studio Solution File, Format Version 12.00
# Visual Studio Version 16
VisualStudioVersion = 16.0.28917.181
MinimumVisualStudioVersion = 10.0.40219.1
Project("{9A19103F-16F7-4668-BE54-9A1E7A4F7556}") = "RobotBarman", "RobotBarman\RobotBarman.csproj", "{A3B7C64B-3BCD-4373-A73E-0D2EA420322C}"
EndProject
Project("{9A19103F-16F7-4668-BE54-9A1E7A4F7556}") = "ConsoleApp", "ConsoleApp\ConsoleApp.csproj", "{7B7A75C3-EC58-4458-A346-6DDAD61B1EB9}"
EndProject
Project("{FAE04EC0-301F-11D3-BF4B-00C04F79EFBC}") = "RobotBarman.Android", "Droid\RobotBarman.Android.csproj", "{94BA3405-8AC9-47A8-90B4-59DBF2D56EF0}"
EndProject
Project("{9A19103F-16F7-4668-BE54-9A1E7A4F7556}") = "RozumConnectionLib", "..\RozumConnectionLib\RozumConnectionLib.csproj", "{27E65542-C4CB-4BBA-A894-7C46DF28854B}"
EndProject
Global
	GlobalSection(SolutionConfigurationPlatforms) = preSolution
		Ad-Hoc|Any CPU = Ad-Hoc|Any CPU
		Ad-Hoc|ARM = Ad-Hoc|ARM
		Ad-Hoc|iPhone = Ad-Hoc|iPhone
		Ad-Hoc|iPhoneSimulator = Ad-Hoc|iPhoneSimulator
		Ad-Hoc|x64 = Ad-Hoc|x64
		Ad-Hoc|x86 = Ad-Hoc|x86
		AppStore|Any CPU = AppStore|Any CPU
		AppStore|ARM = AppStore|ARM
		AppStore|iPhone = AppStore|iPhone
		AppStore|iPhoneSimulator = AppStore|iPhoneSimulator
		AppStore|x64 = AppStore|x64
		AppStore|x86 = AppStore|x86
		Debug|Any CPU = Debug|Any CPU
		Debug|ARM = Debug|ARM
		Debug|iPhone = Debug|iPhone
		Debug|iPhoneSimulator = Debug|iPhoneSimulator
		Debug|x64 = Debug|x64
		Debug|x86 = Debug|x86
		Release|Any CPU = Release|Any CPU
		Release|ARM = Release|ARM
		Release|iPhone = Release|iPhone
		Release|iPhoneSimulator = Release|iPhoneSimulator
		Release|x64 = Release|x64
		Release|x86 = Release|x86
	EndGlobalSection
	GlobalSection(ProjectConfigurationPlatforms) = postSolution
		{A3B7C64B-3BCD-4373-A73E-0D2EA420322C}.Ad-Hoc|Any CPU.ActiveCfg = Debug|Any CPU
		{A3B7C64B-3BCD-4373-A73E-0D2EA420322C}.Ad-Hoc|Any CPU.Build.0 = Debug|Any CPU
		{A3B7C64B-3BCD-4373-A73E-0D2EA420322C}.Ad-Hoc|ARM.ActiveCfg = Debug|Any CPU
		{A3B7C64B-3BCD-4373-A73E-0D2EA420322C}.Ad-Hoc|ARM.Build.0 = Debug|Any CPU
		{A3B7C64B-3BCD-4373-A73E-0D2EA420322C}.Ad-Hoc|iPhone.ActiveCfg = Debug|Any CPU
		{A3B7C64B-3BCD-4373-A73E-0D2EA420322C}.Ad-Hoc|iPhone.Build.0 = Debug|Any CPU
		{A3B7C64B-3BCD-4373-A73E-0D2EA420322C}.Ad-Hoc|iPhoneSimulator.ActiveCfg = Debug|Any CPU
		{A3B7C64B-3BCD-4373-A73E-0D2EA420322C}.Ad-Hoc|iPhoneSimulator.Build.0 = Debug|Any CPU
		{A3B7C64B-3BCD-4373-A73E-0D2EA420322C}.Ad-Hoc|x64.ActiveCfg = Debug|Any CPU
		{A3B7C64B-3BCD-4373-A73E-0D2EA420322C}.Ad-Hoc|x64.Build.0 = Debug|Any CPU
		{A3B7C64B-3BCD-4373-A73E-0D2EA420322C}.Ad-Hoc|x86.ActiveCfg = Debug|Any CPU
		{A3B7C64B-3BCD-4373-A73E-0D2EA420322C}.Ad-Hoc|x86.Build.0 = Debug|Any CPU
		{A3B7C64B-3BCD-4373-A73E-0D2EA420322C}.AppStore|Any CPU.ActiveCfg = Debug|Any CPU
		{A3B7C64B-3BCD-4373-A73E-0D2EA420322C}.AppStore|Any CPU.Build.0 = Debug|Any CPU
		{A3B7C64B-3BCD-4373-A73E-0D2EA420322C}.AppStore|ARM.ActiveCfg = Debug|Any CPU
		{A3B7C64B-3BCD-4373-A73E-0D2EA420322C}.AppStore|ARM.Build.0 = Debug|Any CPU
		{A3B7C64B-3BCD-4373-A73E-0D2EA420322C}.AppStore|iPhone.ActiveCfg = Debug|Any CPU
		{A3B7C64B-3BCD-4373-A73E-0D2EA420322C}.AppStore|iPhone.Build.0 = Debug|Any CPU
		{A3B7C64B-3BCD-4373-A73E-0D2EA420322C}.AppStore|iPhoneSimulator.ActiveCfg = Debug|Any CPU
		{A3B7C64B-3BCD-4373-A73E-0D2EA420322C}.AppStore|iPhoneSimulator.Build.0 = Debug|Any CPU
		{A3B7C64B-3BCD-4373-A73E-0D2EA420322C}.AppStore|x64.ActiveCfg = Debug|Any CPU
		{A3B7C64B-3BCD-4373-A73E-0D2EA420322C}.AppStore|x64.Build.0 = Debug|Any CPU
		{A3B7C64B-3BCD-4373-A73E-0D2EA420322C}.AppStore|x86.ActiveCfg = Debug|Any CPU
		{A3B7C64B-3BCD-4373-A73E-0D2EA420322C}.AppStore|x86.Build.0 = Debug|Any CPU
		{A3B7C64B-3BCD-4373-A73E-0D2EA420322C}.Debug|Any CPU.ActiveCfg = Debug|Any CPU
		{A3B7C64B-3BCD-4373-A73E-0D2EA420322C}.Debug|Any CPU.Build.0 = Debug|Any CPU
		{A3B7C64B-3BCD-4373-A73E-0D2EA420322C}.Debug|ARM.ActiveCfg = Debug|Any CPU
		{A3B7C64B-3BCD-4373-A73E-0D2EA420322C}.Debug|ARM.Build.0 = Debug|Any CPU
		{A3B7C64B-3BCD-4373-A73E-0D2EA420322C}.Debug|iPhone.ActiveCfg = Debug|Any CPU
		{A3B7C64B-3BCD-4373-A73E-0D2EA420322C}.Debug|iPhone.Build.0 = Debug|Any CPU
		{A3B7C64B-3BCD-4373-A73E-0D2EA420322C}.Debug|iPhoneSimulator.ActiveCfg = Debug|Any CPU
		{A3B7C64B-3BCD-4373-A73E-0D2EA420322C}.Debug|iPhoneSimulator.Build.0 = Debug|Any CPU
		{A3B7C64B-3BCD-4373-A73E-0D2EA420322C}.Debug|x64.ActiveCfg = Debug|Any CPU
		{A3B7C64B-3BCD-4373-A73E-0D2EA420322C}.Debug|x64.Build.0 = Debug|Any CPU
		{A3B7C64B-3BCD-4373-A73E-0D2EA420322C}.Debug|x86.ActiveCfg = Debug|Any CPU
		{A3B7C64B-3BCD-4373-A73E-0D2EA420322C}.Debug|x86.Build.0 = Debug|Any CPU
		{A3B7C64B-3BCD-4373-A73E-0D2EA420322C}.Release|Any CPU.ActiveCfg = Release|Any CPU
		{A3B7C64B-3BCD-4373-A73E-0D2EA420322C}.Release|Any CPU.Build.0 = Release|Any CPU
		{A3B7C64B-3BCD-4373-A73E-0D2EA420322C}.Release|ARM.ActiveCfg = Release|Any CPU
		{A3B7C64B-3BCD-4373-A73E-0D2EA420322C}.Release|ARM.Build.0 = Release|Any CPU
		{A3B7C64B-3BCD-4373-A73E-0D2EA420322C}.Release|iPhone.ActiveCfg = Release|Any CPU
		{A3B7C64B-3BCD-4373-A73E-0D2EA420322C}.Release|iPhone.Build.0 = Release|Any CPU
		{A3B7C64B-3BCD-4373-A73E-0D2EA420322C}.Release|iPhoneSimulator.ActiveCfg = Release|Any CPU
		{A3B7C64B-3BCD-4373-A73E-0D2EA420322C}.Release|iPhoneSimulator.Build.0 = Release|Any CPU
		{A3B7C64B-3BCD-4373-A73E-0D2EA420322C}.Release|x64.ActiveCfg = Release|Any CPU
		{A3B7C64B-3BCD-4373-A73E-0D2EA420322C}.Release|x64.Build.0 = Release|Any CPU
		{A3B7C64B-3BCD-4373-A73E-0D2EA420322C}.Release|x86.ActiveCfg = Release|Any CPU
		{A3B7C64B-3BCD-4373-A73E-0D2EA420322C}.Release|x86.Build.0 = Release|Any CPU
		{7B7A75C3-EC58-4458-A346-6DDAD61B1EB9}.Ad-Hoc|Any CPU.ActiveCfg = Debug|Any CPU
		{7B7A75C3-EC58-4458-A346-6DDAD61B1EB9}.Ad-Hoc|Any CPU.Build.0 = Debug|Any CPU
		{7B7A75C3-EC58-4458-A346-6DDAD61B1EB9}.Ad-Hoc|ARM.ActiveCfg = Debug|Any CPU
		{7B7A75C3-EC58-4458-A346-6DDAD61B1EB9}.Ad-Hoc|ARM.Build.0 = Debug|Any CPU
		{7B7A75C3-EC58-4458-A346-6DDAD61B1EB9}.Ad-Hoc|iPhone.ActiveCfg = Debug|Any CPU
		{7B7A75C3-EC58-4458-A346-6DDAD61B1EB9}.Ad-Hoc|iPhone.Build.0 = Debug|Any CPU
		{7B7A75C3-EC58-4458-A346-6DDAD61B1EB9}.Ad-Hoc|iPhoneSimulator.ActiveCfg = Debug|Any CPU
		{7B7A75C3-EC58-4458-A346-6DDAD61B1EB9}.Ad-Hoc|iPhoneSimulator.Build.0 = Debug|Any CPU
		{7B7A75C3-EC58-4458-A346-6DDAD61B1EB9}.Ad-Hoc|x64.ActiveCfg = Debug|Any CPU
		{7B7A75C3-EC58-4458-A346-6DDAD61B1EB9}.Ad-Hoc|x64.Build.0 = Debug|Any CPU
		{7B7A75C3-EC58-4458-A346-6DDAD61B1EB9}.Ad-Hoc|x86.ActiveCfg = Debug|Any CPU
		{7B7A75C3-EC58-4458-A346-6DDAD61B1EB9}.Ad-Hoc|x86.Build.0 = Debug|Any CPU
		{7B7A75C3-EC58-4458-A346-6DDAD61B1EB9}.AppStore|Any CPU.ActiveCfg = Debug|Any CPU
		{7B7A75C3-EC58-4458-A346-6DDAD61B1EB9}.AppStore|Any CPU.Build.0 = Debug|Any CPU
		{7B7A75C3-EC58-4458-A346-6DDAD61B1EB9}.AppStore|ARM.ActiveCfg = Debug|Any CPU
		{7B7A75C3-EC58-4458-A346-6DDAD61B1EB9}.AppStore|ARM.Build.0 = Debug|Any CPU
		{7B7A75C3-EC58-4458-A346-6DDAD61B1EB9}.AppStore|iPhone.ActiveCfg = Debug|Any CPU
		{7B7A75C3-EC58-4458-A346-6DDAD61B1EB9}.AppStore|iPhone.Build.0 = Debug|Any CPU
		{7B7A75C3-EC58-4458-A346-6DDAD61B1EB9}.AppStore|iPhoneSimulator.ActiveCfg = Debug|Any CPU
		{7B7A75C3-EC58-4458-A346-6DDAD61B1EB9}.AppStore|iPhoneSimulator.Build.0 = Debug|Any CPU
		{7B7A75C3-EC58-4458-A346-6DDAD61B1EB9}.AppStore|x64.ActiveCfg = Debug|Any CPU
		{7B7A75C3-EC58-4458-A346-6DDAD61B1EB9}.AppStore|x64.Build.0 = Debug|Any CPU
		{7B7A75C3-EC58-4458-A346-6DDAD61B1EB9}.AppStore|x86.ActiveCfg = Debug|Any CPU
		{7B7A75C3-EC58-4458-A346-6DDAD61B1EB9}.AppStore|x86.Build.0 = Debug|Any CPU
		{7B7A75C3-EC58-4458-A346-6DDAD61B1EB9}.Debug|Any CPU.ActiveCfg = Debug|Any CPU
		{7B7A75C3-EC58-4458-A346-6DDAD61B1EB9}.Debug|Any CPU.Build.0 = Debug|Any CPU
		{7B7A75C3-EC58-4458-A346-6DDAD61B1EB9}.Debug|ARM.ActiveCfg = Debug|Any CPU
		{7B7A75C3-EC58-4458-A346-6DDAD61B1EB9}.Debug|ARM.Build.0 = Debug|Any CPU
		{7B7A75C3-EC58-4458-A346-6DDAD61B1EB9}.Debug|iPhone.ActiveCfg = Debug|Any CPU
		{7B7A75C3-EC58-4458-A346-6DDAD61B1EB9}.Debug|iPhone.Build.0 = Debug|Any CPU
		{7B7A75C3-EC58-4458-A346-6DDAD61B1EB9}.Debug|iPhoneSimulator.ActiveCfg = Debug|Any CPU
		{7B7A75C3-EC58-4458-A346-6DDAD61B1EB9}.Debug|iPhoneSimulator.Build.0 = Debug|Any CPU
		{7B7A75C3-EC58-4458-A346-6DDAD61B1EB9}.Debug|x64.ActiveCfg = Debug|Any CPU
		{7B7A75C3-EC58-4458-A346-6DDAD61B1EB9}.Debug|x64.Build.0 = Debug|Any CPU
		{7B7A75C3-EC58-4458-A346-6DDAD61B1EB9}.Debug|x86.ActiveCfg = Debug|Any CPU
		{7B7A75C3-EC58-4458-A346-6DDAD61B1EB9}.Debug|x86.Build.0 = Debug|Any CPU
		{7B7A75C3-EC58-4458-A346-6DDAD61B1EB9}.Release|Any CPU.ActiveCfg = Release|Any CPU
		{7B7A75C3-EC58-4458-A346-6DDAD61B1EB9}.Release|Any CPU.Build.0 = Release|Any CPU
		{7B7A75C3-EC58-4458-A346-6DDAD61B1EB9}.Release|ARM.ActiveCfg = Release|Any CPU
		{7B7A75C3-EC58-4458-A346-6DDAD61B1EB9}.Release|ARM.Build.0 = Release|Any CPU
		{7B7A75C3-EC58-4458-A346-6DDAD61B1EB9}.Release|iPhone.ActiveCfg = Release|Any CPU
		{7B7A75C3-EC58-4458-A346-6DDAD61B1EB9}.Release|iPhone.Build.0 = Release|Any CPU
		{7B7A75C3-EC58-4458-A346-6DDAD61B1EB9}.Release|iPhoneSimulator.ActiveCfg = Release|Any CPU
		{7B7A75C3-EC58-4458-A346-6DDAD61B1EB9}.Release|iPhoneSimulator.Build.0 = Release|Any CPU
		{7B7A75C3-EC58-4458-A346-6DDAD61B1EB9}.Release|x64.ActiveCfg = Release|Any CPU
		{7B7A75C3-EC58-4458-A346-6DDAD61B1EB9}.Release|x64.Build.0 = Release|Any CPU
		{7B7A75C3-EC58-4458-A346-6DDAD61B1EB9}.Release|x86.ActiveCfg = Release|Any CPU
		{7B7A75C3-EC58-4458-A346-6DDAD61B1EB9}.Release|x86.Build.0 = Release|Any CPU
		{94BA3405-8AC9-47A8-90B4-59DBF2D56EF0}.Ad-Hoc|Any CPU.ActiveCfg = Release|Any CPU
		{94BA3405-8AC9-47A8-90B4-59DBF2D56EF0}.Ad-Hoc|Any CPU.Build.0 = Release|Any CPU
		{94BA3405-8AC9-47A8-90B4-59DBF2D56EF0}.Ad-Hoc|Any CPU.Deploy.0 = Release|Any CPU
		{94BA3405-8AC9-47A8-90B4-59DBF2D56EF0}.Ad-Hoc|ARM.ActiveCfg = Release|Any CPU
		{94BA3405-8AC9-47A8-90B4-59DBF2D56EF0}.Ad-Hoc|ARM.Build.0 = Release|Any CPU
		{94BA3405-8AC9-47A8-90B4-59DBF2D56EF0}.Ad-Hoc|ARM.Deploy.0 = Release|Any CPU
		{94BA3405-8AC9-47A8-90B4-59DBF2D56EF0}.Ad-Hoc|iPhone.ActiveCfg = Release|Any CPU
		{94BA3405-8AC9-47A8-90B4-59DBF2D56EF0}.Ad-Hoc|iPhone.Build.0 = Release|Any CPU
		{94BA3405-8AC9-47A8-90B4-59DBF2D56EF0}.Ad-Hoc|iPhone.Deploy.0 = Release|Any CPU
		{94BA3405-8AC9-47A8-90B4-59DBF2D56EF0}.Ad-Hoc|iPhoneSimulator.ActiveCfg = Release|Any CPU
		{94BA3405-8AC9-47A8-90B4-59DBF2D56EF0}.Ad-Hoc|iPhoneSimulator.Build.0 = Release|Any CPU
		{94BA3405-8AC9-47A8-90B4-59DBF2D56EF0}.Ad-Hoc|iPhoneSimulator.Deploy.0 = Release|Any CPU
		{94BA3405-8AC9-47A8-90B4-59DBF2D56EF0}.Ad-Hoc|x64.ActiveCfg = Release|Any CPU
		{94BA3405-8AC9-47A8-90B4-59DBF2D56EF0}.Ad-Hoc|x64.Build.0 = Release|Any CPU
		{94BA3405-8AC9-47A8-90B4-59DBF2D56EF0}.Ad-Hoc|x64.Deploy.0 = Release|Any CPU
		{94BA3405-8AC9-47A8-90B4-59DBF2D56EF0}.Ad-Hoc|x86.ActiveCfg = Release|Any CPU
		{94BA3405-8AC9-47A8-90B4-59DBF2D56EF0}.Ad-Hoc|x86.Build.0 = Release|Any CPU
		{94BA3405-8AC9-47A8-90B4-59DBF2D56EF0}.Ad-Hoc|x86.Deploy.0 = Release|Any CPU
		{94BA3405-8AC9-47A8-90B4-59DBF2D56EF0}.AppStore|Any CPU.ActiveCfg = Release|Any CPU
		{94BA3405-8AC9-47A8-90B4-59DBF2D56EF0}.AppStore|Any CPU.Build.0 = Release|Any CPU
		{94BA3405-8AC9-47A8-90B4-59DBF2D56EF0}.AppStore|Any CPU.Deploy.0 = Release|Any CPU
		{94BA3405-8AC9-47A8-90B4-59DBF2D56EF0}.AppStore|ARM.ActiveCfg = Release|Any CPU
		{94BA3405-8AC9-47A8-90B4-59DBF2D56EF0}.AppStore|ARM.Build.0 = Release|Any CPU
		{94BA3405-8AC9-47A8-90B4-59DBF2D56EF0}.AppStore|ARM.Deploy.0 = Release|Any CPU
		{94BA3405-8AC9-47A8-90B4-59DBF2D56EF0}.AppStore|iPhone.ActiveCfg = Release|Any CPU
		{94BA3405-8AC9-47A8-90B4-59DBF2D56EF0}.AppStore|iPhone.Build.0 = Release|Any CPU
		{94BA3405-8AC9-47A8-90B4-59DBF2D56EF0}.AppStore|iPhone.Deploy.0 = Release|Any CPU
		{94BA3405-8AC9-47A8-90B4-59DBF2D56EF0}.AppStore|iPhoneSimulator.ActiveCfg = Release|Any CPU
		{94BA3405-8AC9-47A8-90B4-59DBF2D56EF0}.AppStore|iPhoneSimulator.Build.0 = Release|Any CPU
		{94BA3405-8AC9-47A8-90B4-59DBF2D56EF0}.AppStore|iPhoneSimulator.Deploy.0 = Release|Any CPU
		{94BA3405-8AC9-47A8-90B4-59DBF2D56EF0}.AppStore|x64.ActiveCfg = Release|Any CPU
		{94BA3405-8AC9-47A8-90B4-59DBF2D56EF0}.AppStore|x64.Build.0 = Release|Any CPU
		{94BA3405-8AC9-47A8-90B4-59DBF2D56EF0}.AppStore|x64.Deploy.0 = Release|Any CPU
		{94BA3405-8AC9-47A8-90B4-59DBF2D56EF0}.AppStore|x86.ActiveCfg = Release|Any CPU
		{94BA3405-8AC9-47A8-90B4-59DBF2D56EF0}.AppStore|x86.Build.0 = Release|Any CPU
		{94BA3405-8AC9-47A8-90B4-59DBF2D56EF0}.AppStore|x86.Deploy.0 = Release|Any CPU
		{94BA3405-8AC9-47A8-90B4-59DBF2D56EF0}.Debug|Any CPU.ActiveCfg = Debug|Any CPU
		{94BA3405-8AC9-47A8-90B4-59DBF2D56EF0}.Debug|Any CPU.Build.0 = Debug|Any CPU
		{94BA3405-8AC9-47A8-90B4-59DBF2D56EF0}.Debug|Any CPU.Deploy.0 = Debug|Any CPU
		{94BA3405-8AC9-47A8-90B4-59DBF2D56EF0}.Debug|ARM.ActiveCfg = Debug|Any CPU
		{94BA3405-8AC9-47A8-90B4-59DBF2D56EF0}.Debug|ARM.Build.0 = Debug|Any CPU
		{94BA3405-8AC9-47A8-90B4-59DBF2D56EF0}.Debug|ARM.Deploy.0 = Debug|Any CPU
		{94BA3405-8AC9-47A8-90B4-59DBF2D56EF0}.Debug|iPhone.ActiveCfg = Debug|Any CPU
		{94BA3405-8AC9-47A8-90B4-59DBF2D56EF0}.Debug|iPhone.Build.0 = Debug|Any CPU
		{94BA3405-8AC9-47A8-90B4-59DBF2D56EF0}.Debug|iPhone.Deploy.0 = Debug|Any CPU
		{94BA3405-8AC9-47A8-90B4-59DBF2D56EF0}.Debug|iPhoneSimulator.ActiveCfg = Debug|Any CPU
		{94BA3405-8AC9-47A8-90B4-59DBF2D56EF0}.Debug|iPhoneSimulator.Build.0 = Debug|Any CPU
		{94BA3405-8AC9-47A8-90B4-59DBF2D56EF0}.Debug|iPhoneSimulator.Deploy.0 = Debug|Any CPU
		{94BA3405-8AC9-47A8-90B4-59DBF2D56EF0}.Debug|x64.ActiveCfg = Debug|Any CPU
		{94BA3405-8AC9-47A8-90B4-59DBF2D56EF0}.Debug|x64.Build.0 = Debug|Any CPU
		{94BA3405-8AC9-47A8-90B4-59DBF2D56EF0}.Debug|x64.Deploy.0 = Debug|Any CPU
		{94BA3405-8AC9-47A8-90B4-59DBF2D56EF0}.Debug|x86.ActiveCfg = Debug|Any CPU
		{94BA3405-8AC9-47A8-90B4-59DBF2D56EF0}.Debug|x86.Build.0 = Debug|Any CPU
		{94BA3405-8AC9-47A8-90B4-59DBF2D56EF0}.Debug|x86.Deploy.0 = Debug|Any CPU
		{94BA3405-8AC9-47A8-90B4-59DBF2D56EF0}.Release|Any CPU.ActiveCfg = Release|Any CPU
		{94BA3405-8AC9-47A8-90B4-59DBF2D56EF0}.Release|Any CPU.Build.0 = Release|Any CPU
		{94BA3405-8AC9-47A8-90B4-59DBF2D56EF0}.Release|Any CPU.Deploy.0 = Release|Any CPU
		{94BA3405-8AC9-47A8-90B4-59DBF2D56EF0}.Release|ARM.ActiveCfg = Release|Any CPU
		{94BA3405-8AC9-47A8-90B4-59DBF2D56EF0}.Release|ARM.Build.0 = Release|Any CPU
		{94BA3405-8AC9-47A8-90B4-59DBF2D56EF0}.Release|ARM.Deploy.0 = Release|Any CPU
		{94BA3405-8AC9-47A8-90B4-59DBF2D56EF0}.Release|iPhone.ActiveCfg = Release|Any CPU
		{94BA3405-8AC9-47A8-90B4-59DBF2D56EF0}.Release|iPhone.Build.0 = Release|Any CPU
		{94BA3405-8AC9-47A8-90B4-59DBF2D56EF0}.Release|iPhone.Deploy.0 = Release|Any CPU
		{94BA3405-8AC9-47A8-90B4-59DBF2D56EF0}.Release|iPhoneSimulator.ActiveCfg = Release|Any CPU
		{94BA3405-8AC9-47A8-90B4-59DBF2D56EF0}.Release|iPhoneSimulator.Build.0 = Release|Any CPU
		{94BA3405-8AC9-47A8-90B4-59DBF2D56EF0}.Release|iPhoneSimulator.Deploy.0 = Release|Any CPU
		{94BA3405-8AC9-47A8-90B4-59DBF2D56EF0}.Release|x64.ActiveCfg = Release|Any CPU
		{94BA3405-8AC9-47A8-90B4-59DBF2D56EF0}.Release|x64.Build.0 = Release|Any CPU
		{94BA3405-8AC9-47A8-90B4-59DBF2D56EF0}.Release|x64.Deploy.0 = Release|Any CPU
		{94BA3405-8AC9-47A8-90B4-59DBF2D56EF0}.Release|x86.ActiveCfg = Release|Any CPU
		{94BA3405-8AC9-47A8-90B4-59DBF2D56EF0}.Release|x86.Build.0 = Release|Any CPU
		{94BA3405-8AC9-47A8-90B4-59DBF2D56EF0}.Release|x86.Deploy.0 = Release|Any CPU
		{27E65542-C4CB-4BBA-A894-7C46DF28854B}.Ad-Hoc|Any CPU.ActiveCfg = Debug|Any CPU
		{27E65542-C4CB-4BBA-A894-7C46DF28854B}.Ad-Hoc|Any CPU.Build.0 = Debug|Any CPU
		{27E65542-C4CB-4BBA-A894-7C46DF28854B}.Ad-Hoc|ARM.ActiveCfg = Debug|Any CPU
		{27E65542-C4CB-4BBA-A894-7C46DF28854B}.Ad-Hoc|ARM.Build.0 = Debug|Any CPU
		{27E65542-C4CB-4BBA-A894-7C46DF28854B}.Ad-Hoc|iPhone.ActiveCfg = Debug|Any CPU
		{27E65542-C4CB-4BBA-A894-7C46DF28854B}.Ad-Hoc|iPhone.Build.0 = Debug|Any CPU
		{27E65542-C4CB-4BBA-A894-7C46DF28854B}.Ad-Hoc|iPhoneSimulator.ActiveCfg = Debug|Any CPU
		{27E65542-C4CB-4BBA-A894-7C46DF28854B}.Ad-Hoc|iPhoneSimulator.Build.0 = Debug|Any CPU
		{27E65542-C4CB-4BBA-A894-7C46DF28854B}.Ad-Hoc|x64.ActiveCfg = Debug|Any CPU
		{27E65542-C4CB-4BBA-A894-7C46DF28854B}.Ad-Hoc|x64.Build.0 = Debug|Any CPU
		{27E65542-C4CB-4BBA-A894-7C46DF28854B}.Ad-Hoc|x86.ActiveCfg = Debug|Any CPU
		{27E65542-C4CB-4BBA-A894-7C46DF28854B}.Ad-Hoc|x86.Build.0 = Debug|Any CPU
		{27E65542-C4CB-4BBA-A894-7C46DF28854B}.AppStore|Any CPU.ActiveCfg = Debug|Any CPU
		{27E65542-C4CB-4BBA-A894-7C46DF28854B}.AppStore|Any CPU.Build.0 = Debug|Any CPU
		{27E65542-C4CB-4BBA-A894-7C46DF28854B}.AppStore|ARM.ActiveCfg = Debug|Any CPU
		{27E65542-C4CB-4BBA-A894-7C46DF28854B}.AppStore|ARM.Build.0 = Debug|Any CPU
		{27E65542-C4CB-4BBA-A894-7C46DF28854B}.AppStore|iPhone.ActiveCfg = Debug|Any CPU
		{27E65542-C4CB-4BBA-A894-7C46DF28854B}.AppStore|iPhone.Build.0 = Debug|Any CPU
		{27E65542-C4CB-4BBA-A894-7C46DF28854B}.AppStore|iPhoneSimulator.ActiveCfg = Debug|Any CPU
		{27E65542-C4CB-4BBA-A894-7C46DF28854B}.AppStore|iPhoneSimulator.Build.0 = Debug|Any CPU
		{27E65542-C4CB-4BBA-A894-7C46DF28854B}.AppStore|x64.ActiveCfg = Debug|Any CPU
		{27E65542-C4CB-4BBA-A894-7C46DF28854B}.AppStore|x64.Build.0 = Debug|Any CPU
		{27E65542-C4CB-4BBA-A894-7C46DF28854B}.AppStore|x86.ActiveCfg = Debug|Any CPU
		{27E65542-C4CB-4BBA-A894-7C46DF28854B}.AppStore|x86.Build.0 = Debug|Any CPU
		{27E65542-C4CB-4BBA-A894-7C46DF28854B}.Debug|Any CPU.ActiveCfg = Debug|Any CPU
		{27E65542-C4CB-4BBA-A894-7C46DF28854B}.Debug|Any CPU.Build.0 = Debug|Any CPU
		{27E65542-C4CB-4BBA-A894-7C46DF28854B}.Debug|ARM.ActiveCfg = Debug|Any CPU
		{27E65542-C4CB-4BBA-A894-7C46DF28854B}.Debug|ARM.Build.0 = Debug|Any CPU
		{27E65542-C4CB-4BBA-A894-7C46DF28854B}.Debug|iPhone.ActiveCfg = Debug|Any CPU
		{27E65542-C4CB-4BBA-A894-7C46DF28854B}.Debug|iPhone.Build.0 = Debug|Any CPU
		{27E65542-C4CB-4BBA-A894-7C46DF28854B}.Debug|iPhoneSimulator.ActiveCfg = Debug|Any CPU
		{27E65542-C4CB-4BBA-A894-7C46DF28854B}.Debug|iPhoneSimulator.Build.0 = Debug|Any CPU
		{27E65542-C4CB-4BBA-A894-7C46DF28854B}.Debug|x64.ActiveCfg = Debug|Any CPU
		{27E65542-C4CB-4BBA-A894-7C46DF28854B}.Debug|x64.Build.0 = Debug|Any CPU
		{27E65542-C4CB-4BBA-A894-7C46DF28854B}.Debug|x86.ActiveCfg = Debug|Any CPU
		{27E65542-C4CB-4BBA-A894-7C46DF28854B}.Debug|x86.Build.0 = Debug|Any CPU
		{27E65542-C4CB-4BBA-A894-7C46DF28854B}.Release|Any CPU.ActiveCfg = Release|Any CPU
		{27E65542-C4CB-4BBA-A894-7C46DF28854B}.Release|Any CPU.Build.0 = Release|Any CPU
		{27E65542-C4CB-4BBA-A894-7C46DF28854B}.Release|ARM.ActiveCfg = Release|Any CPU
		{27E65542-C4CB-4BBA-A894-7C46DF28854B}.Release|ARM.Build.0 = Release|Any CPU
		{27E65542-C4CB-4BBA-A894-7C46DF28854B}.Release|iPhone.ActiveCfg = Release|Any CPU
		{27E65542-C4CB-4BBA-A894-7C46DF28854B}.Release|iPhone.Build.0 = Release|Any CPU
		{27E65542-C4CB-4BBA-A894-7C46DF28854B}.Release|iPhoneSimulator.ActiveCfg = Release|Any CPU
		{27E65542-C4CB-4BBA-A894-7C46DF28854B}.Release|iPhoneSimulator.Build.0 = Release|Any CPU
		{27E65542-C4CB-4BBA-A894-7C46DF28854B}.Release|x64.ActiveCfg = Release|Any CPU
		{27E65542-C4CB-4BBA-A894-7C46DF28854B}.Release|x64.Build.0 = Release|Any CPU
		{27E65542-C4CB-4BBA-A894-7C46DF28854B}.Release|x86.ActiveCfg = Release|Any CPU
		{27E65542-C4CB-4BBA-A894-7C46DF28854B}.Release|x86.Build.0 = Release|Any CPU
	EndGlobalSection
	GlobalSection(SolutionProperties) = preSolution
		HideSolutionNode = FALSE
	EndGlobalSection
	GlobalSection(ExtensibilityGlobals) = postSolution
		SolutionGuid = {42F4D5B4-9FE3-45F2-9F80-C222FC5B51EE}
	EndGlobalSection
EndGlobal
